
Microsoft Visual Studio Solution File, Format Version 12.00
# Visual Studio Version 16
VisualStudioVersion = 16.0.29911.84
MinimumVisualStudioVersion = 10.0.40219.1
Project("{9A19103F-16F7-4668-BE54-9A1E7A4F7556}") = "ApiWrapper", "ApiWrapper\ApiWrapper.csproj", "{96499C6F-616C-4C8F-ABAE-5F262B9E4215}"
EndProject
Project("{9A19103F-16F7-4668-BE54-9A1E7A4F7556}") = "ApiWrapperTest", "ApiWrapperTest\ApiWrapperTest.csproj", "{6AC7B9F2-3676-4CCA-A062-109F1F182E08}"
EndProject
Global
	GlobalSection(SolutionConfigurationPlatforms) = preSolution
		Debug|Any CPU = Debug|Any CPU
		Release|Any CPU = Release|Any CPU
	EndGlobalSection
	GlobalSection(ProjectConfigurationPlatforms) = postSolution
		{96499C6F-616C-4C8F-ABAE-5F262B9E4215}.Debug|Any CPU.ActiveCfg = Debug|Any CPU
		{96499C6F-616C-4C8F-ABAE-5F262B9E4215}.Debug|Any CPU.Build.0 = Debug|Any CPU
		{96499C6F-616C-4C8F-ABAE-5F262B9E4215}.Release|Any CPU.ActiveCfg = Release|Any CPU
		{96499C6F-616C-4C8F-ABAE-5F262B9E4215}.Release|Any CPU.Build.0 = Release|Any CPU
		{6AC7B9F2-3676-4CCA-A062-109F1F182E08}.Debug|Any CPU.ActiveCfg = Debug|Any CPU
		{6AC7B9F2-3676-4CCA-A062-109F1F182E08}.Debug|Any CPU.Build.0 = Debug|Any CPU
		{6AC7B9F2-3676-4CCA-A062-109F1F182E08}.Release|Any CPU.ActiveCfg = Release|Any CPU
		{6AC7B9F2-3676-4CCA-A062-109F1F182E08}.Release|Any CPU.Build.0 = Release|Any CPU
	EndGlobalSection
	GlobalSection(SolutionProperties) = preSolution
		HideSolutionNode = FALSE
	EndGlobalSection
	GlobalSection(ExtensibilityGlobals) = postSolution
		SolutionGuid = {4A13D9E5-3E83-4E50-AD73-4C931593B6A8}
	EndGlobalSection
EndGlobal
